// !$*UTF8*$!
{
	archiveVersion = 1;
	classes = {
	};
	objectVersion = 56;
	objects = {

/* Begin PBXBuildFile section */
		D7017F0C29C03A7B00CD0B38 /* TravelLocationModel.swift in Sources */ = {isa = PBXBuildFile; fileRef = D7017F0B29C03A7B00CD0B38 /* TravelLocationModel.swift */; };
		D753F30129BC676A0070D8AD /* AppDelegate.swift in Sources */ = {isa = PBXBuildFile; fileRef = D753F30029BC676A0070D8AD /* AppDelegate.swift */; };
		D753F30329BC676A0070D8AD /* SceneDelegate.swift in Sources */ = {isa = PBXBuildFile; fileRef = D753F30229BC676A0070D8AD /* SceneDelegate.swift */; };
		D753F30529BC676A0070D8AD /* TravelLocationsMapViewController.swift in Sources */ = {isa = PBXBuildFile; fileRef = D753F30429BC676A0070D8AD /* TravelLocationsMapViewController.swift */; };
		D753F30829BC676A0070D8AD /* Main.storyboard in Resources */ = {isa = PBXBuildFile; fileRef = D753F30629BC676A0070D8AD /* Main.storyboard */; };
		D753F30A29BC676E0070D8AD /* Assets.xcassets in Resources */ = {isa = PBXBuildFile; fileRef = D753F30929BC676E0070D8AD /* Assets.xcassets */; };
		D753F30D29BC676E0070D8AD /* LaunchScreen.storyboard in Resources */ = {isa = PBXBuildFile; fileRef = D753F30B29BC676E0070D8AD /* LaunchScreen.storyboard */; };
		D753F31829BC68DA0070D8AD /* PhotoAlbumViewController.swift in Sources */ = {isa = PBXBuildFile; fileRef = D753F31729BC68DA0070D8AD /* PhotoAlbumViewController.swift */; };
		D781FF8929C1AAC90020C8F0 /* FlickrPhotosAPI.swift in Sources */ = {isa = PBXBuildFile; fileRef = D781FF8829C1AAC90020C8F0 /* FlickrPhotosAPI.swift */; };
		D7A2285F29BDB65C00E2AC10 /* Utils.swift in Sources */ = {isa = PBXBuildFile; fileRef = D7A2285E29BDB65C00E2AC10 /* Utils.swift */; };
		D7F83D8229C06420001663C2 /* TravelPhotosCollectionViewCell.swift in Sources */ = {isa = PBXBuildFile; fileRef = D7F83D8129C06420001663C2 /* TravelPhotosCollectionViewCell.swift */; };
		E40A5DBE29C4B72C0009650A /* FlickrAPIResponseModel.swift in Sources */ = {isa = PBXBuildFile; fileRef = E40A5DBD29C4B72C0009650A /* FlickrAPIResponseModel.swift */; };
		E40A5DC029C4BA8A0009650A /* GenericAPIStuff.swift in Sources */ = {isa = PBXBuildFile; fileRef = E40A5DBF29C4BA8A0009650A /* GenericAPIStuff.swift */; };
/* End PBXBuildFile section */

/* Begin PBXFileReference section */
		D7017F0B29C03A7B00CD0B38 /* TravelLocationModel.swift */ = {isa = PBXFileReference; lastKnownFileType = sourcecode.swift; path = TravelLocationModel.swift; sourceTree = "<group>"; };
		D753F2FD29BC676A0070D8AD /* The Virtual Tourist.app */ = {isa = PBXFileReference; explicitFileType = wrapper.application; includeInIndex = 0; path = "The Virtual Tourist.app"; sourceTree = BUILT_PRODUCTS_DIR; };
		D753F30029BC676A0070D8AD /* AppDelegate.swift */ = {isa = PBXFileReference; lastKnownFileType = sourcecode.swift; path = AppDelegate.swift; sourceTree = "<group>"; };
		D753F30229BC676A0070D8AD /* SceneDelegate.swift */ = {isa = PBXFileReference; lastKnownFileType = sourcecode.swift; path = SceneDelegate.swift; sourceTree = "<group>"; };
		D753F30429BC676A0070D8AD /* TravelLocationsMapViewController.swift */ = {isa = PBXFileReference; lastKnownFileType = sourcecode.swift; path = TravelLocationsMapViewController.swift; sourceTree = "<group>"; };
		D753F30729BC676A0070D8AD /* Base */ = {isa = PBXFileReference; lastKnownFileType = file.storyboard; name = Base; path = Base.lproj/Main.storyboard; sourceTree = "<group>"; };
		D753F30929BC676E0070D8AD /* Assets.xcassets */ = {isa = PBXFileReference; lastKnownFileType = folder.assetcatalog; path = Assets.xcassets; sourceTree = "<group>"; };
		D753F30C29BC676E0070D8AD /* Base */ = {isa = PBXFileReference; lastKnownFileType = file.storyboard; name = Base; path = Base.lproj/LaunchScreen.storyboard; sourceTree = "<group>"; };
		D753F30E29BC676E0070D8AD /* Info.plist */ = {isa = PBXFileReference; lastKnownFileType = text.plist.xml; path = Info.plist; sourceTree = "<group>"; };
		D753F31729BC68DA0070D8AD /* PhotoAlbumViewController.swift */ = {isa = PBXFileReference; lastKnownFileType = sourcecode.swift; path = PhotoAlbumViewController.swift; sourceTree = "<group>"; };
		D781FF8829C1AAC90020C8F0 /* FlickrPhotosAPI.swift */ = {isa = PBXFileReference; lastKnownFileType = sourcecode.swift; path = FlickrPhotosAPI.swift; sourceTree = "<group>"; };
		D7A2285E29BDB65C00E2AC10 /* Utils.swift */ = {isa = PBXFileReference; lastKnownFileType = sourcecode.swift; path = Utils.swift; sourceTree = "<group>"; };
		D7F83D8129C06420001663C2 /* TravelPhotosCollectionViewCell.swift */ = {isa = PBXFileReference; lastKnownFileType = sourcecode.swift; path = TravelPhotosCollectionViewCell.swift; sourceTree = "<group>"; };
		E40A5DBD29C4B72C0009650A /* FlickrAPIResponseModel.swift */ = {isa = PBXFileReference; lastKnownFileType = sourcecode.swift; path = FlickrAPIResponseModel.swift; sourceTree = "<group>"; };
		E40A5DBF29C4BA8A0009650A /* GenericAPIStuff.swift */ = {isa = PBXFileReference; lastKnownFileType = sourcecode.swift; path = GenericAPIStuff.swift; sourceTree = "<group>"; };
/* End PBXFileReference section */

/* Begin PBXFrameworksBuildPhase section */
		D753F2FA29BC676A0070D8AD /* Frameworks */ = {
			isa = PBXFrameworksBuildPhase;
			buildActionMask = 2147483647;
			files = (
			);
			runOnlyForDeploymentPostprocessing = 0;
		};
/* End PBXFrameworksBuildPhase section */

/* Begin PBXGroup section */
		D753F2F429BC676A0070D8AD = {
			isa = PBXGroup;
			children = (
				D753F2FF29BC676A0070D8AD /* The Virtual Tourist */,
				D753F2FE29BC676A0070D8AD /* Products */,
			);
			sourceTree = "<group>";
		};
		D753F2FE29BC676A0070D8AD /* Products */ = {
			isa = PBXGroup;
			children = (
				D753F2FD29BC676A0070D8AD /* The Virtual Tourist.app */,
			);
			name = Products;
			sourceTree = "<group>";
		};
		D753F2FF29BC676A0070D8AD /* The Virtual Tourist */ = {
			isa = PBXGroup;
			children = (
				D753F30E29BC676E0070D8AD /* Info.plist */,
				D753F31929BC6D330070D8AD /* Models */,
				D753F31629BC68000070D8AD /* Base Application Stuff */,
				D753F31529BC67AB0070D8AD /* Views */,
				D753F31429BC67890070D8AD /* Controllers */,
			);
			path = "The Virtual Tourist";
			sourceTree = "<group>";
		};
		D753F31429BC67890070D8AD /* Controllers */ = {
			isa = PBXGroup;
			children = (
				D753F30429BC676A0070D8AD /* TravelLocationsMapViewController.swift */,
				D753F31729BC68DA0070D8AD /* PhotoAlbumViewController.swift */,
			);
			path = Controllers;
			sourceTree = "<group>";
		};
		D753F31529BC67AB0070D8AD /* Views */ = {
			isa = PBXGroup;
			children = (
				D753F30629BC676A0070D8AD /* Main.storyboard */,
				D753F30929BC676E0070D8AD /* Assets.xcassets */,
				D753F30B29BC676E0070D8AD /* LaunchScreen.storyboard */,
			);
			path = Views;
			sourceTree = "<group>";
		};
		D753F31629BC68000070D8AD /* Base Application Stuff */ = {
			isa = PBXGroup;
			children = (
				D753F30029BC676A0070D8AD /* AppDelegate.swift */,
				D753F30229BC676A0070D8AD /* SceneDelegate.swift */,
			);
			path = "Base Application Stuff";
			sourceTree = "<group>";
		};
		D753F31929BC6D330070D8AD /* Models */ = {
			isa = PBXGroup;
			children = (
				D7A2285D29BDB63C00E2AC10 /* Utilities */,
				D753F31B29BC6D4B0070D8AD /* Database Stuff */,
				D753F31A29BC6D3D0070D8AD /* Network Stuff */,
				D7017F0B29C03A7B00CD0B38 /* TravelLocationModel.swift */,
			);
			path = Models;
			sourceTree = "<group>";
		};
		D753F31A29BC6D3D0070D8AD /* Network Stuff */ = {
			isa = PBXGroup;
			children = (
				D781FF8829C1AAC90020C8F0 /* FlickrPhotosAPI.swift */,
				E40A5DBD29C4B72C0009650A /* FlickrAPIResponseModel.swift */,
				E40A5DBF29C4BA8A0009650A /* GenericAPIStuff.swift */,
			);
			path = "Network Stuff";
			sourceTree = "<group>";
		};
		D753F31B29BC6D4B0070D8AD /* Database Stuff */ = {
			isa = PBXGroup;
			children = (
			);
			path = "Database Stuff";
			sourceTree = "<group>";
		};
		D7A2285D29BDB63C00E2AC10 /* Utilities */ = {
			isa = PBXGroup;
			children = (
				D7A2285E29BDB65C00E2AC10 /* Utils.swift */,
				D7F83D8129C06420001663C2 /* TravelPhotosCollectionViewCell.swift */,
			);
			path = Utilities;
			sourceTree = "<group>";
		};
/* End PBXGroup section */

/* Begin PBXNativeTarget section */
		D753F2FC29BC676A0070D8AD /* The Virtual Tourist */ = {
			isa = PBXNativeTarget;
			buildConfigurationList = D753F31129BC676E0070D8AD /* Build configuration list for PBXNativeTarget "The Virtual Tourist" */;
			buildPhases = (
				D753F2F929BC676A0070D8AD /* Sources */,
				D753F2FA29BC676A0070D8AD /* Frameworks */,
				D753F2FB29BC676A0070D8AD /* Resources */,
			);
			buildRules = (
			);
			dependencies = (
			);
			name = "The Virtual Tourist";
			productName = "The Virtual Tourist";
			productReference = D753F2FD29BC676A0070D8AD /* The Virtual Tourist.app */;
			productType = "com.apple.product-type.application";
		};
/* End PBXNativeTarget section */

/* Begin PBXProject section */
		D753F2F529BC676A0070D8AD /* Project object */ = {
			isa = PBXProject;
			attributes = {
				BuildIndependentTargetsInParallel = 1;
				LastSwiftUpdateCheck = 1420;
				LastUpgradeCheck = 1420;
				TargetAttributes = {
					D753F2FC29BC676A0070D8AD = {
						CreatedOnToolsVersion = 14.2;
					};
				};
			};
			buildConfigurationList = D753F2F829BC676A0070D8AD /* Build configuration list for PBXProject "The Virtual Tourist" */;
			compatibilityVersion = "Xcode 14.0";
			developmentRegion = en;
			hasScannedForEncodings = 0;
			knownRegions = (
				en,
				Base,
			);
			mainGroup = D753F2F429BC676A0070D8AD;
			productRefGroup = D753F2FE29BC676A0070D8AD /* Products */;
			projectDirPath = "";
			projectRoot = "";
			targets = (
				D753F2FC29BC676A0070D8AD /* The Virtual Tourist */,
			);
		};
/* End PBXProject section */

/* Begin PBXResourcesBuildPhase section */
		D753F2FB29BC676A0070D8AD /* Resources */ = {
			isa = PBXResourcesBuildPhase;
			buildActionMask = 2147483647;
			files = (
				D753F30D29BC676E0070D8AD /* LaunchScreen.storyboard in Resources */,
				D753F30A29BC676E0070D8AD /* Assets.xcassets in Resources */,
				D753F30829BC676A0070D8AD /* Main.storyboard in Resources */,
			);
			runOnlyForDeploymentPostprocessing = 0;
		};
/* End PBXResourcesBuildPhase section */

/* Begin PBXSourcesBuildPhase section */
		D753F2F929BC676A0070D8AD /* Sources */ = {
			isa = PBXSourcesBuildPhase;
			buildActionMask = 2147483647;
			files = (
				D7A2285F29BDB65C00E2AC10 /* Utils.swift in Sources */,
				E40A5DC029C4BA8A0009650A /* GenericAPIStuff.swift in Sources */,
				D7F83D8229C06420001663C2 /* TravelPhotosCollectionViewCell.swift in Sources */,
				D781FF8929C1AAC90020C8F0 /* FlickrPhotosAPI.swift in Sources */,
				D753F30529BC676A0070D8AD /* TravelLocationsMapViewController.swift in Sources */,
				D7017F0C29C03A7B00CD0B38 /* TravelLocationModel.swift in Sources */,
				D753F30129BC676A0070D8AD /* AppDelegate.swift in Sources */,
				D753F30329BC676A0070D8AD /* SceneDelegate.swift in Sources */,
				E40A5DBE29C4B72C0009650A /* FlickrAPIResponseModel.swift in Sources */,
				D753F31829BC68DA0070D8AD /* PhotoAlbumViewController.swift in Sources */,
			);
			runOnlyForDeploymentPostprocessing = 0;
		};
/* End PBXSourcesBuildPhase section */

/* Begin PBXVariantGroup section */
		D753F30629BC676A0070D8AD /* Main.storyboard */ = {
			isa = PBXVariantGroup;
			children = (
				D753F30729BC676A0070D8AD /* Base */,
			);
			name = Main.storyboard;
			sourceTree = "<group>";
		};
		D753F30B29BC676E0070D8AD /* LaunchScreen.storyboard */ = {
			isa = PBXVariantGroup;
			children = (
				D753F30C29BC676E0070D8AD /* Base */,
			);
			name = LaunchScreen.storyboard;
			sourceTree = "<group>";
		};
/* End PBXVariantGroup section */

/* Begin XCBuildConfiguration section */
		D753F30F29BC676E0070D8AD /* Debug */ = {
			isa = XCBuildConfiguration;
			buildSettings = {
				ALWAYS_SEARCH_USER_PATHS = NO;
				CLANG_ANALYZER_NONNULL = YES;
				CLANG_ANALYZER_NUMBER_OBJECT_CONVERSION = YES_AGGRESSIVE;
				CLANG_CXX_LANGUAGE_STANDARD = "gnu++20";
				CLANG_ENABLE_MODULES = YES;
				CLANG_ENABLE_OBJC_ARC = YES;
				CLANG_ENABLE_OBJC_WEAK = YES;
				CLANG_WARN_BLOCK_CAPTURE_AUTORELEASING = YES;
				CLANG_WARN_BOOL_CONVERSION = YES;
				CLANG_WARN_COMMA = YES;
				CLANG_WARN_CONSTANT_CONVERSION = YES;
				CLANG_WARN_DEPRECATED_OBJC_IMPLEMENTATIONS = YES;
				CLANG_WARN_DIRECT_OBJC_ISA_USAGE = YES_ERROR;
				CLANG_WARN_DOCUMENTATION_COMMENTS = YES;
				CLANG_WARN_EMPTY_BODY = YES;
				CLANG_WARN_ENUM_CONVERSION = YES;
				CLANG_WARN_INFINITE_RECURSION = YES;
				CLANG_WARN_INT_CONVERSION = YES;
				CLANG_WARN_NON_LITERAL_NULL_CONVERSION = YES;
				CLANG_WARN_OBJC_IMPLICIT_RETAIN_SELF = YES;
				CLANG_WARN_OBJC_LITERAL_CONVERSION = YES;
				CLANG_WARN_OBJC_ROOT_CLASS = YES_ERROR;
				CLANG_WARN_QUOTED_INCLUDE_IN_FRAMEWORK_HEADER = YES;
				CLANG_WARN_RANGE_LOOP_ANALYSIS = YES;
				CLANG_WARN_STRICT_PROTOTYPES = YES;
				CLANG_WARN_SUSPICIOUS_MOVE = YES;
				CLANG_WARN_UNGUARDED_AVAILABILITY = YES_AGGRESSIVE;
				CLANG_WARN_UNREACHABLE_CODE = YES;
				CLANG_WARN__DUPLICATE_METHOD_MATCH = YES;
				COPY_PHASE_STRIP = NO;
				DEBUG_INFORMATION_FORMAT = dwarf;
				ENABLE_STRICT_OBJC_MSGSEND = YES;
				ENABLE_TESTABILITY = YES;
				GCC_C_LANGUAGE_STANDARD = gnu11;
				GCC_DYNAMIC_NO_PIC = NO;
				GCC_NO_COMMON_BLOCKS = YES;
				GCC_OPTIMIZATION_LEVEL = 0;
				GCC_PREPROCESSOR_DEFINITIONS = (
					"DEBUG=1",
					"$(inherited)",
				);
				GCC_WARN_64_TO_32_BIT_CONVERSION = YES;
				GCC_WARN_ABOUT_RETURN_TYPE = YES_ERROR;
				GCC_WARN_UNDECLARED_SELECTOR = YES;
				GCC_WARN_UNINITIALIZED_AUTOS = YES_AGGRESSIVE;
				GCC_WARN_UNUSED_FUNCTION = YES;
				GCC_WARN_UNUSED_VARIABLE = YES;
				IPHONEOS_DEPLOYMENT_TARGET = 16.2;
				MTL_ENABLE_DEBUG_INFO = INCLUDE_SOURCE;
				MTL_FAST_MATH = YES;
				ONLY_ACTIVE_ARCH = YES;
				SDKROOT = iphoneos;
				SWIFT_ACTIVE_COMPILATION_CONDITIONS = DEBUG;
				SWIFT_OPTIMIZATION_LEVEL = "-Onone";
			};
			name = Debug;
		};
		D753F31029BC676E0070D8AD /* Release */ = {
			isa = XCBuildConfiguration;
			buildSettings = {
				ALWAYS_SEARCH_USER_PATHS = NO;
				CLANG_ANALYZER_NONNULL = YES;
				CLANG_ANALYZER_NUMBER_OBJECT_CONVERSION = YES_AGGRESSIVE;
				CLANG_CXX_LANGUAGE_STANDARD = "gnu++20";
				CLANG_ENABLE_MODULES = YES;
				CLANG_ENABLE_OBJC_ARC = YES;
				CLANG_ENABLE_OBJC_WEAK = YES;
				CLANG_WARN_BLOCK_CAPTURE_AUTORELEASING = YES;
				CLANG_WARN_BOOL_CONVERSION = YES;
				CLANG_WARN_COMMA = YES;
				CLANG_WARN_CONSTANT_CONVERSION = YES;
				CLANG_WARN_DEPRECATED_OBJC_IMPLEMENTATIONS = YES;
				CLANG_WARN_DIRECT_OBJC_ISA_USAGE = YES_ERROR;
				CLANG_WARN_DOCUMENTATION_COMMENTS = YES;
				CLANG_WARN_EMPTY_BODY = YES;
				CLANG_WARN_ENUM_CONVERSION = YES;
				CLANG_WARN_INFINITE_RECURSION = YES;
				CLANG_WARN_INT_CONVERSION = YES;
				CLANG_WARN_NON_LITERAL_NULL_CONVERSION = YES;
				CLANG_WARN_OBJC_IMPLICIT_RETAIN_SELF = YES;
				CLANG_WARN_OBJC_LITERAL_CONVERSION = YES;
				CLANG_WARN_OBJC_ROOT_CLASS = YES_ERROR;
				CLANG_WARN_QUOTED_INCLUDE_IN_FRAMEWORK_HEADER = YES;
				CLANG_WARN_RANGE_LOOP_ANALYSIS = YES;
				CLANG_WARN_STRICT_PROTOTYPES = YES;
				CLANG_WARN_SUSPICIOUS_MOVE = YES;
				CLANG_WARN_UNGUARDED_AVAILABILITY = YES_AGGRESSIVE;
				CLANG_WARN_UNREACHABLE_CODE = YES;
				CLANG_WARN__DUPLICATE_METHOD_MATCH = YES;
				COPY_PHASE_STRIP = NO;
				DEBUG_INFORMATION_FORMAT = "dwarf-with-dsym";
				ENABLE_NS_ASSERTIONS = NO;
				ENABLE_STRICT_OBJC_MSGSEND = YES;
				GCC_C_LANGUAGE_STANDARD = gnu11;
				GCC_NO_COMMON_BLOCKS = YES;
				GCC_WARN_64_TO_32_BIT_CONVERSION = YES;
				GCC_WARN_ABOUT_RETURN_TYPE = YES_ERROR;
				GCC_WARN_UNDECLARED_SELECTOR = YES;
				GCC_WARN_UNINITIALIZED_AUTOS = YES_AGGRESSIVE;
				GCC_WARN_UNUSED_FUNCTION = YES;
				GCC_WARN_UNUSED_VARIABLE = YES;
				IPHONEOS_DEPLOYMENT_TARGET = 16.2;
				MTL_ENABLE_DEBUG_INFO = NO;
				MTL_FAST_MATH = YES;
				SDKROOT = iphoneos;
				SWIFT_COMPILATION_MODE = wholemodule;
				SWIFT_OPTIMIZATION_LEVEL = "-O";
				VALIDATE_PRODUCT = YES;
			};
			name = Release;
		};
		D753F31229BC676E0070D8AD /* Debug */ = {
			isa = XCBuildConfiguration;
			buildSettings = {
				ASSETCATALOG_COMPILER_APPICON_NAME = AppIcon;
				ASSETCATALOG_COMPILER_GLOBAL_ACCENT_COLOR_NAME = AccentColor;
				CODE_SIGN_STYLE = Automatic;
				CURRENT_PROJECT_VERSION = 1;
				GENERATE_INFOPLIST_FILE = YES;
				INFOPLIST_FILE = "The Virtual Tourist/Info.plist";
				INFOPLIST_KEY_UIApplicationSupportsIndirectInputEvents = YES;
				INFOPLIST_KEY_UILaunchStoryboardName = LaunchScreen;
				INFOPLIST_KEY_UIMainStoryboardFile = Main;
				INFOPLIST_KEY_UISupportedInterfaceOrientations_iPad = "UIInterfaceOrientationPortrait UIInterfaceOrientationPortraitUpsideDown UIInterfaceOrientationLandscapeLeft UIInterfaceOrientationLandscapeRight";
				INFOPLIST_KEY_UISupportedInterfaceOrientations_iPhone = "UIInterfaceOrientationPortrait UIInterfaceOrientationLandscapeLeft UIInterfaceOrientationLandscapeRight";
				LD_RUNPATH_SEARCH_PATHS = (
					"$(inherited)",
					"@executable_path/Frameworks",
				);
				MARKETING_VERSION = 1.0;
				PRODUCT_BUNDLE_IDENTIFIER = "Learning.The-Virtual-Tourist";
				PRODUCT_NAME = "$(TARGET_NAME)";
				SWIFT_EMIT_LOC_STRINGS = YES;
				SWIFT_VERSION = 5.0;
				TARGETED_DEVICE_FAMILY = "1,2";
			};
			name = Debug;
		};
		D753F31329BC676E0070D8AD /* Release */ = {
			isa = XCBuildConfiguration;
			buildSettings = {
				ASSETCATALOG_COMPILER_APPICON_NAME = AppIcon;
				ASSETCATALOG_COMPILER_GLOBAL_ACCENT_COLOR_NAME = AccentColor;
				CODE_SIGN_STYLE = Automatic;
				CURRENT_PROJECT_VERSION = 1;
				GENERATE_INFOPLIST_FILE = YES;
				INFOPLIST_FILE = "The Virtual Tourist/Info.plist";
				INFOPLIST_KEY_UIApplicationSupportsIndirectInputEvents = YES;
				INFOPLIST_KEY_UILaunchStoryboardName = LaunchScreen;
				INFOPLIST_KEY_UIMainStoryboardFile = Main;
				INFOPLIST_KEY_UISupportedInterfaceOrientations_iPad = "UIInterfaceOrientationPortrait UIInterfaceOrientationPortraitUpsideDown UIInterfaceOrientationLandscapeLeft UIInterfaceOrientationLandscapeRight";
				INFOPLIST_KEY_UISupportedInterfaceOrientations_iPhone = "UIInterfaceOrientationPortrait UIInterfaceOrientationLandscapeLeft UIInterfaceOrientationLandscapeRight";
				LD_RUNPATH_SEARCH_PATHS = (
					"$(inherited)",
					"@executable_path/Frameworks",
				);
				MARKETING_VERSION = 1.0;
				PRODUCT_BUNDLE_IDENTIFIER = "Learning.The-Virtual-Tourist";
				PRODUCT_NAME = "$(TARGET_NAME)";
				SWIFT_EMIT_LOC_STRINGS = YES;
				SWIFT_VERSION = 5.0;
				TARGETED_DEVICE_FAMILY = "1,2";
			};
			name = Release;
		};
/* End XCBuildConfiguration section */

/* Begin XCConfigurationList section */
		D753F2F829BC676A0070D8AD /* Build configuration list for PBXProject "The Virtual Tourist" */ = {
			isa = XCConfigurationList;
			buildConfigurations = (
				D753F30F29BC676E0070D8AD /* Debug */,
				D753F31029BC676E0070D8AD /* Release */,
			);
			defaultConfigurationIsVisible = 0;
			defaultConfigurationName = Release;
		};
		D753F31129BC676E0070D8AD /* Build configuration list for PBXNativeTarget "The Virtual Tourist" */ = {
			isa = XCConfigurationList;
			buildConfigurations = (
				D753F31229BC676E0070D8AD /* Debug */,
				D753F31329BC676E0070D8AD /* Release */,
			);
			defaultConfigurationIsVisible = 0;
			defaultConfigurationName = Release;
		};
/* End XCConfigurationList section */
	};
	rootObject = D753F2F529BC676A0070D8AD /* Project object */;
}
